lockfileVersion: '9.0'

settings:
  autoInstallPeers: true
  excludeLinksFromLockfile: false

importers:

  .:
    devDependencies:
      bulma:
        specifier: ^1.0.4
        version: 1.0.4
      materialize-css:
        specifier: ^1.0.0
        version: 1.0.0
      milligram:
        specifier: ^1.4.1
        version: 1.4.1

packages:

  bulma@1.0.4:
    resolution: {integrity: sha512-Ffb6YGXDiZYX3cqvSbHWqQ8+LkX6tVoTcZuVB3lm93sbAVXlO0D6QlOTMnV6g18gILpAXqkG2z9hf9z4hCjz2g==}

  materialize-css@1.0.0:
    resolution: {integrity: sha512-4/oecXl8y/1i8RDZvyvwAICyqwNoKU4or5uf8uoAd74k76KzZ0Llym4zhJ5lLNUskcqjO0AuMcvNyDkpz8Z6zw==}

  milligram@1.4.1:
    resolution: {integrity: sha512-RCgh/boHhcXWOUfKJWm3RJRoUeaEguoipDg0mJ31G0tFfvcpWMUlO1Zlqqr12K4kAXfDlllaidu0x7PaL2PTFg==}

  normalize.css@8.0.1:
    resolution: {integrity: sha512-qizSNPO93t1YUuUhP22btGOo3chcvDFqFaj2TRybP0DMxkHOCTYwp3n34fel4a31ORXy4m1Xq0Gyqpb5m33qIg==}

snapshots:

  bulma@1.0.4: {}

  materialize-css@1.0.0: {}

  milligram@1.4.1:
    dependencies:
      normalize.css: 8.0.1

  normalize.css@8.0.1: {}
